// !$*UTF8*$!
{
	archiveVersion = 1;
	classes = {
	};
	objectVersion = 77;
	objects = {

/* Begin PBXContainerItemProxy section */
		5BF130472E1EDA9D007BEB51 /* PBXContainerItemProxy */ = {
			isa = PBXContainerItemProxy;
			containerPortal = 5BF130312E1EDA9C007BEB51 /* Project object */;
			proxyType = 1;
			remoteGlobalIDString = 5BF130382E1EDA9C007BEB51;
			remoteInfo = ExercisingSolo;
		};
		5BF130512E1EDA9D007BEB51 /* PBXContainerItemProxy */ = {
			isa = PBXContainerItemProxy;
			containerPortal = 5BF130312E1EDA9C007BEB51 /* Project object */;
			proxyType = 1;
			remoteGlobalIDString = 5BF130382E1EDA9C007BEB51;
			remoteInfo = ExercisingSolo;
		};
/* End PBXContainerItemProxy section */

/* Begin PBXFileReference section */
		5BF130392E1EDA9C007BEB51 /* ExercisingSolo.app */ = {isa = PBXFileReference; explicitFileType = wrapper.application; includeInIndex = 0; path = ExercisingSolo.app; sourceTree = BUILT_PRODUCTS_DIR; };
		5BF130462E1EDA9D007BEB51 /* ExercisingSoloTests.xctest */ = {isa = PBXFileReference; explicitFileType = wrapper.cfbundle; includeInIndex = 0; path = ExercisingSoloTests.xctest; sourceTree = BUILT_PRODUCTS_DIR; };
		5BF130502E1EDA9D007BEB51 /* ExercisingSoloUITests.xctest */ = {isa = PBXFileReference; explicitFileType = wrapper.cfbundle; includeInIndex = 0; path = ExercisingSoloUITests.xctest; sourceTree = BUILT_PRODUCTS_DIR; };
/* End PBXFileReference section */

/* Begin PBXFileSystemSynchronizedRootGroup section */
		5BF1303B2E1EDA9C007BEB51 /* ExercisingSolo */ = {
			isa = PBXFileSystemSynchronizedRootGroup;
			path = ExercisingSolo;
			sourceTree = "<group>";
		};
		5BF130492E1EDA9D007BEB51 /* ExercisingSoloTests */ = {
			isa = PBXFileSystemSynchronizedRootGroup;
			path = ExercisingSoloTests;
			sourceTree = "<group>";
		};
		5BF130532E1EDA9D007BEB51 /* ExercisingSoloUITests */ = {
			isa = PBXFileSystemSynchronizedRootGroup;
			path = ExercisingSoloUITests;
			sourceTree = "<group>";
		};
/* End PBXFileSystemSynchronizedRootGroup section */

/* Begin PBXFrameworksBuildPhase section */
		5BF130362E1EDA9C007BEB51 /* Frameworks */ = {
			isa = PBXFrameworksBuildPhase;
			buildActionMask = 2147483647;
			files = (
			);
			runOnlyForDeploymentPostprocessing = 0;
		};
		5BF130432E1EDA9D007BEB51 /* Frameworks */ = {
			isa = PBXFrameworksBuildPhase;
			buildActionMask = 2147483647;
			files = (
			);
			runOnlyForDeploymentPostprocessing = 0;
		};
		5BF1304D2E1EDA9D007BEB51 /* Frameworks */ = {
			isa = PBXFrameworksBuildPhase;
			buildActionMask = 2147483647;
			files = (
			);
			runOnlyForDeploymentPostprocessing = 0;
		};
/* End PBXFrameworksBuildPhase section */

/* Begin PBXGroup section */
		5BF130302E1EDA9C007BEB51 = {
			isa = PBXGroup;
			children = (
				5BF1303B2E1EDA9C007BEB51 /* ExercisingSolo */,
				5BF130492E1EDA9D007BEB51 /* ExercisingSoloTests */,
				5BF130532E1EDA9D007BEB51 /* ExercisingSoloUITests */,
				5BF1303A2E1EDA9C007BEB51 /* Products */,
			);
			sourceTree = "<group>";
		};
		5BF1303A2E1EDA9C007BEB51 /* Products */ = {
			isa = PBXGroup;
			children = (
				5BF130392E1EDA9C007BEB51 /* ExercisingSolo.app */,
				5BF130462E1EDA9D007BEB51 /* ExercisingSoloTests.xctest */,
				5BF130502E1EDA9D007BEB51 /* ExercisingSoloUITests.xctest */,
			);
			name = Products;
			sourceTree = "<group>";
		};
/* End PBXGroup section */

/* Begin PBXNativeTarget section */
		5BF130382E1EDA9C007BEB51 /* ExercisingSolo */ = {
			isa = PBXNativeTarget;
			buildConfigurationList = 5BF1305A2E1EDA9D007BEB51 /* Build configuration list for PBXNativeTarget "ExercisingSolo" */;
			buildPhases = (
				5BF130352E1EDA9C007BEB51 /* Sources */,
				5BF130362E1EDA9C007BEB51 /* Frameworks */,
				5BF130372E1EDA9C007BEB51 /* Resources */,
			);
			buildRules = (
			);
			dependencies = (
			);
			fileSystemSynchronizedGroups = (
				5BF1303B2E1EDA9C007BEB51 /* ExercisingSolo */,
			);
			name = ExercisingSolo;
			packageProductDependencies = (
			);
			productName = ExercisingSolo;
			productReference = 5BF130392E1EDA9C007BEB51 /* ExercisingSolo.app */;
			productType = "com.apple.product-type.application";
		};
		5BF130452E1EDA9D007BEB51 /* ExercisingSoloTests */ = {
			isa = PBXNativeTarget;
			buildConfigurationList = 5BF1305D2E1EDA9D007BEB51 /* Build configuration list for PBXNativeTarget "ExercisingSoloTests" */;
			buildPhases = (
				5BF130422E1EDA9D007BEB51 /* Sources */,
				5BF130432E1EDA9D007BEB51 /* Frameworks */,
				5BF130442E1EDA9D007BEB51 /* Resources */,
			);
			buildRules = (
			);
			dependencies = (
				5BF130482E1EDA9D007BEB51 /* PBXTargetDependency */,
			);
			fileSystemSynchronizedGroups = (
				5BF130492E1EDA9D007BEB51 /* ExercisingSoloTests */,
			);
			name = ExercisingSoloTests;
			packageProductDependencies = (
			);
			productName = ExercisingSoloTests;
			productReference = 5BF130462E1EDA9D007BEB51 /* ExercisingSoloTests.xctest */;
			productType = "com.apple.product-type.bundle.unit-test";
		};
		5BF1304F2E1EDA9D007BEB51 /* ExercisingSoloUITests */ = {
			isa = PBXNativeTarget;
			buildConfigurationList = 5BF130602E1EDA9D007BEB51 /* Build configuration list for PBXNativeTarget "ExercisingSoloUITests" */;
			buildPhases = (
				5BF1304C2E1EDA9D007BEB51 /* Sources */,
				5BF1304D2E1EDA9D007BEB51 /* Frameworks */,
				5BF1304E2E1EDA9D007BEB51 /* Resources */,
			);
			buildRules = (
			);
			dependencies = (
				5BF130522E1EDA9D007BEB51 /* PBXTargetDependency */,
			);
			fileSystemSynchronizedGroups = (
				5BF130532E1EDA9D007BEB51 /* ExercisingSoloUITests */,
			);
			name = ExercisingSoloUITests;
			packageProductDependencies = (
			);
			productName = ExercisingSoloUITests;
			productReference = 5BF130502E1EDA9D007BEB51 /* ExercisingSoloUITests.xctest */;
			productType = "com.apple.product-type.bundle.ui-testing";
		};
/* End PBXNativeTarget section */

/* Begin PBXProject section */
		5BF130312E1EDA9C007BEB51 /* Project object */ = {
			isa = PBXProject;
			attributes = {
				BuildIndependentTargetsInParallel = 1;
				LastSwiftUpdateCheck = 1640;
				LastUpgradeCheck = 1640;
				TargetAttributes = {
					5BF130382E1EDA9C007BEB51 = {
						CreatedOnToolsVersion = 16.4;
					};
					5BF130452E1EDA9D007BEB51 = {
						CreatedOnToolsVersion = 16.4;
						TestTargetID = 5BF130382E1EDA9C007BEB51;
					};
					5BF1304F2E1EDA9D007BEB51 = {
						CreatedOnToolsVersion = 16.4;
						TestTargetID = 5BF130382E1EDA9C007BEB51;
					};
				};
			};
			buildConfigurationList = 5BF130342E1EDA9C007BEB51 /* Build configuration list for PBXProject "ExercisingSolo" */;
			developmentRegion = en;
			hasScannedForEncodings = 0;
			knownRegions = (
				en,
				Base,
			);
			mainGroup = 5BF130302E1EDA9C007BEB51;
			minimizedProjectReferenceProxies = 1;
			preferredProjectObjectVersion = 77;
			productRefGroup = 5BF1303A2E1EDA9C007BEB51 /* Products */;
			projectDirPath = "";
			projectRoot = "";
			targets = (
				5BF130382E1EDA9C007BEB51 /* ExercisingSolo */,
				5BF130452E1EDA9D007BEB51 /* ExercisingSoloTests */,
				5BF1304F2E1EDA9D007BEB51 /* ExercisingSoloUITests */,
			);
		};
/* End PBXProject section */

/* Begin PBXResourcesBuildPhase section */
		5BF130372E1EDA9C007BEB51 /* Resources */ = {
			isa = PBXResourcesBuildPhase;
			buildActionMask = 2147483647;
			files = (
			);
			runOnlyForDeploymentPostprocessing = 0;
		};
		5BF130442E1EDA9D007BEB51 /* Resources */ = {
			isa = PBXResourcesBuildPhase;
			buildActionMask = 2147483647;
			files = (
			);
			runOnlyForDeploymentPostprocessing = 0;
		};
		5BF1304E2E1EDA9D007BEB51 /* Resources */ = {
			isa = PBXResourcesBuildPhase;
			buildActionMask = 2147483647;
			files = (
			);
			runOnlyForDeploymentPostprocessing = 0;
		};
/* End PBXResourcesBuildPhase section */

/* Begin PBXSourcesBuildPhase section */
		5BF130352E1EDA9C007BEB51 /* Sources */ = {
			isa = PBXSourcesBuildPhase;
			buildActionMask = 2147483647;
			files = (
			);
			runOnlyForDeploymentPostprocessing = 0;
		};
		5BF130422E1EDA9D007BEB51 /* Sources */ = {
			isa = PBXSourcesBuildPhase;
			buildActionMask = 2147483647;
			files = (
			);
			runOnlyForDeploymentPostprocessing = 0;
		};
		5BF1304C2E1EDA9D007BEB51 /* Sources */ = {
			isa = PBXSourcesBuildPhase;
			buildActionMask = 2147483647;
			files = (
			);
			runOnlyForDeploymentPostprocessing = 0;
		};
/* End PBXSourcesBuildPhase section */

/* Begin PBXTargetDependency section */
		5BF130482E1EDA9D007BEB51 /* PBXTargetDependency */ = {
			isa = PBXTargetDependency;
			target = 5BF130382E1EDA9C007BEB51 /* ExercisingSolo */;
			targetProxy = 5BF130472E1EDA9D007BEB51 /* PBXContainerItemProxy */;
		};
		5BF130522E1EDA9D007BEB51 /* PBXTargetDependency */ = {
			isa = PBXTargetDependency;
			target = 5BF130382E1EDA9C007BEB51 /* ExercisingSolo */;
			targetProxy = 5BF130512E1EDA9D007BEB51 /* PBXContainerItemProxy */;
		};
/* End PBXTargetDependency section */

/* Begin XCBuildConfiguration section */
		5BF130582E1EDA9D007BEB51 /* Debug */ = {
			isa = XCBuildConfiguration;
			buildSettings = {
				ALWAYS_SEARCH_USER_PATHS = NO;
				ASSETCATALOG_COMPILER_GENERATE_SWIFT_ASSET_SYMBOL_EXTENSIONS = YES;
				CLANG_ANALYZER_NONNULL = YES;
				CLANG_ANALYZER_NUMBER_OBJECT_CONVERSION = YES_AGGRESSIVE;
				CLANG_CXX_LANGUAGE_STANDARD = "gnu++20";
				CLANG_ENABLE_MODULES = YES;
				CLANG_ENABLE_OBJC_ARC = YES;
				CLANG_ENABLE_OBJC_WEAK = YES;
				CLANG_WARN_BLOCK_CAPTURE_AUTORELEASING = YES;
				CLANG_WARN_BOOL_CONVERSION = YES;
				CLANG_WARN_COMMA = YES;
				CLANG_WARN_CONSTANT_CONVERSION = YES;
				CLANG_WARN_DEPRECATED_OBJC_IMPLEMENTATIONS = YES;
				CLANG_WARN_DIRECT_OBJC_ISA_USAGE = YES_ERROR;
				CLANG_WARN_DOCUMENTATION_COMMENTS = YES;
				CLANG_WARN_EMPTY_BODY = YES;
				CLANG_WARN_ENUM_CONVERSION = YES;
				CLANG_WARN_INFINITE_RECURSION = YES;
				CLANG_WARN_INT_CONVERSION = YES;
				CLANG_WARN_NON_LITERAL_NULL_CONVERSION = YES;
				CLANG_WARN_OBJC_IMPLICIT_RETAIN_SELF = YES;
				CLANG_WARN_OBJC_LITERAL_CONVERSION = YES;
				CLANG_WARN_OBJC_ROOT_CLASS = YES_ERROR;
				CLANG_WARN_QUOTED_INCLUDE_IN_FRAMEWORK_HEADER = YES;
				CLANG_WARN_RANGE_LOOP_ANALYSIS = YES;
				CLANG_WARN_STRICT_PROTOTYPES = YES;
				CLANG_WARN_SUSPICIOUS_MOVE = YES;
				CLANG_WARN_UNGUARDED_AVAILABILITY = YES_AGGRESSIVE;
				CLANG_WARN_UNREACHABLE_CODE = YES;
				CLANG_WARN__DUPLICATE_METHOD_MATCH = YES;
				COPY_PHASE_STRIP = NO;
				DEBUG_INFORMATION_FORMAT = dwarf;
				ENABLE_STRICT_OBJC_MSGSEND = YES;
				ENABLE_TESTABILITY = YES;
				ENABLE_USER_SCRIPT_SANDBOXING = YES;
				GCC_C_LANGUAGE_STANDARD = gnu17;
				GCC_DYNAMIC_NO_PIC = NO;
				GCC_NO_COMMON_BLOCKS = YES;
				GCC_OPTIMIZATION_LEVEL = 0;
				GCC_PREPROCESSOR_DEFINITIONS = (
					"DEBUG=1",
					"$(inherited)",
				);
				GCC_WARN_64_TO_32_BIT_CONVERSION = YES;
				GCC_WARN_ABOUT_RETURN_TYPE = YES_ERROR;
				GCC_WARN_UNDECLARED_SELECTOR = YES;
				GCC_WARN_UNINITIALIZED_AUTOS = YES_AGGRESSIVE;
				GCC_WARN_UNUSED_FUNCTION = YES;
				GCC_WARN_UNUSED_VARIABLE = YES;
				IPHONEOS_DEPLOYMENT_TARGET = 18.5;
				LOCALIZATION_PREFERS_STRING_CATALOGS = YES;
				MTL_ENABLE_DEBUG_INFO = INCLUDE_SOURCE;
				MTL_FAST_MATH = YES;
				ONLY_ACTIVE_ARCH = YES;
				SDKROOT = iphoneos;
				SWIFT_ACTIVE_COMPILATION_CONDITIONS = "DEBUG $(inherited)";
				SWIFT_OPTIMIZATION_LEVEL = "-Onone";
			};
			name = Debug;
		};
		5BF130592E1EDA9D007BEB51 /* Release */ = {
			isa = XCBuildConfiguration;
			buildSettings = {
				ALWAYS_SEARCH_USER_PATHS = NO;
				ASSETCATALOG_COMPILER_GENERATE_SWIFT_ASSET_SYMBOL_EXTENSIONS = YES;
				CLANG_ANALYZER_NONNULL = YES;
				CLANG_ANALYZER_NUMBER_OBJECT_CONVERSION = YES_AGGRESSIVE;
				CLANG_CXX_LANGUAGE_STANDARD = "gnu++20";
				CLANG_ENABLE_MODULES = YES;
				CLANG_ENABLE_OBJC_ARC = YES;
				CLANG_ENABLE_OBJC_WEAK = YES;
				CLANG_WARN_BLOCK_CAPTURE_AUTORELEASING = YES;
				CLANG_WARN_BOOL_CONVERSION = YES;
				CLANG_WARN_COMMA = YES;
				CLANG_WARN_CONSTANT_CONVERSION = YES;
				CLANG_WARN_DEPRECATED_OBJC_IMPLEMENTATIONS = YES;
				CLANG_WARN_DIRECT_OBJC_ISA_USAGE = YES_ERROR;
				CLANG_WARN_DOCUMENTATION_COMMENTS = YES;
				CLANG_WARN_EMPTY_BODY = YES;
				CLANG_WARN_ENUM_CONVERSION = YES;
				CLANG_WARN_INFINITE_RECURSION = YES;
				CLANG_WARN_INT_CONVERSION = YES;
				CLANG_WARN_NON_LITERAL_NULL_CONVERSION = YES;
				CLANG_WARN_OBJC_IMPLICIT_RETAIN_SELF = YES;
				CLANG_WARN_OBJC_LITERAL_CONVERSION = YES;
				CLANG_WARN_OBJC_ROOT_CLASS = YES_ERROR;
				CLANG_WARN_QUOTED_INCLUDE_IN_FRAMEWORK_HEADER = YES;
				CLANG_WARN_RANGE_LOOP_ANALYSIS = YES;
				CLANG_WARN_STRICT_PROTOTYPES = YES;
				CLANG_WARN_SUSPICIOUS_MOVE = YES;
				CLANG_WARN_UNGUARDED_AVAILABILITY = YES_AGGRESSIVE;
				CLANG_WARN_UNREACHABLE_CODE = YES;
				CLANG_WARN__DUPLICATE_METHOD_MATCH = YES;
				COPY_PHASE_STRIP = NO;
				DEBUG_INFORMATION_FORMAT = "dwarf-with-dsym";
				ENABLE_NS_ASSERTIONS = NO;
				ENABLE_STRICT_OBJC_MSGSEND = YES;
				ENABLE_USER_SCRIPT_SANDBOXING = YES;
				GCC_C_LANGUAGE_STANDARD = gnu17;
				GCC_NO_COMMON_BLOCKS = YES;
				GCC_WARN_64_TO_32_BIT_CONVERSION = YES;
				GCC_WARN_ABOUT_RETURN_TYPE = YES_ERROR;
				GCC_WARN_UNDECLARED_SELECTOR = YES;
				GCC_WARN_UNINITIALIZED_AUTOS = YES_AGGRESSIVE;
				GCC_WARN_UNUSED_FUNCTION = YES;
				GCC_WARN_UNUSED_VARIABLE = YES;
				IPHONEOS_DEPLOYMENT_TARGET = 18.5;
				LOCALIZATION_PREFERS_STRING_CATALOGS = YES;
				MTL_ENABLE_DEBUG_INFO = NO;
				MTL_FAST_MATH = YES;
				SDKROOT = iphoneos;
				SWIFT_COMPILATION_MODE = wholemodule;
				VALIDATE_PRODUCT = YES;
			};
			name = Release;
		};
		5BF1305B2E1EDA9D007BEB51 /* Debug */ = {
			isa = XCBuildConfiguration;
			buildSettings = {
				ASSETCATALOG_COMPILER_APPICON_NAME = AppIcon;
				ASSETCATALOG_COMPILER_GLOBAL_ACCENT_COLOR_NAME = AccentColor;
				CODE_SIGN_STYLE = Automatic;
				CURRENT_PROJECT_VERSION = 1;
				ENABLE_PREVIEWS = YES;
				GENERATE_INFOPLIST_FILE = YES;
				INFOPLIST_KEY_UIApplicationSceneManifest_Generation = YES;
				INFOPLIST_KEY_UIApplicationSupportsIndirectInputEvents = YES;
				INFOPLIST_KEY_UILaunchScreen_Generation = YES;
				INFOPLIST_KEY_UISupportedInterfaceOrientations_iPad = "UIInterfaceOrientationPortrait UIInterfaceOrientationPortraitUpsideDown UIInterfaceOrientationLandscapeLeft UIInterfaceOrientationLandscapeRight";
				INFOPLIST_KEY_UISupportedInterfaceOrientations_iPhone = "UIInterfaceOrientationPortrait UIInterfaceOrientationLandscapeLeft UIInterfaceOrientationLandscapeRight";
				LD_RUNPATH_SEARCH_PATHS = (
					"$(inherited)",
					"@executable_path/Frameworks",
				);
				MARKETING_VERSION = 1.0;
				PRODUCT_BUNDLE_IDENTIFIER = Christina.ExercisingSolo;
				PRODUCT_NAME = "$(TARGET_NAME)";
				SWIFT_EMIT_LOC_STRINGS = YES;
				SWIFT_VERSION = 5.0;
				TARGETED_DEVICE_FAMILY = "1,2";
			};
			name = Debug;
		};
		5BF1305C2E1EDA9D007BEB51 /* Release */ = {
			isa = XCBuildConfiguration;
			buildSettings = {
				ASSETCATALOG_COMPILER_APPICON_NAME = AppIcon;
				ASSETCATALOG_COMPILER_GLOBAL_ACCENT_COLOR_NAME = AccentColor;
				CODE_SIGN_STYLE = Automatic;
				CURRENT_PROJECT_VERSION = 1;
				ENABLE_PREVIEWS = YES;
				GENERATE_INFOPLIST_FILE = YES;
				INFOPLIST_KEY_UIApplicationSceneManifest_Generation = YES;
				INFOPLIST_KEY_UIApplicationSupportsIndirectInputEvents = YES;
				INFOPLIST_KEY_UILaunchScreen_Generation = YES;
				INFOPLIST_KEY_UISupportedInterfaceOrientations_iPad = "UIInterfaceOrientationPortrait UIInterfaceOrientationPortraitUpsideDown UIInterfaceOrientationLandscapeLeft UIInterfaceOrientationLandscapeRight";
				INFOPLIST_KEY_UISupportedInterfaceOrientations_iPhone = "UIInterfaceOrientationPortrait UIInterfaceOrientationLandscapeLeft UIInterfaceOrientationLandscapeRight";
				LD_RUNPATH_SEARCH_PATHS = (
					"$(inherited)",
					"@executable_path/Frameworks",
				);
				MARKETING_VERSION = 1.0;
				PRODUCT_BUNDLE_IDENTIFIER = Christina.ExercisingSolo;
				PRODUCT_NAME = "$(TARGET_NAME)";
				SWIFT_EMIT_LOC_STRINGS = YES;
				SWIFT_VERSION = 5.0;
				TARGETED_DEVICE_FAMILY = "1,2";
			};
			name = Release;
		};
		5BF1305E2E1EDA9D007BEB51 /* Debug */ = {
			isa = XCBuildConfiguration;
			buildSettings = {
				BUNDLE_LOADER = "$(TEST_HOST)";
				CODE_SIGN_STYLE = Automatic;
				CURRENT_PROJECT_VERSION = 1;
				GENERATE_INFOPLIST_FILE = YES;
				IPHONEOS_DEPLOYMENT_TARGET = 18.5;
				MARKETING_VERSION = 1.0;
				PRODUCT_BUNDLE_IDENTIFIER = Christina.ExercisingSoloTests;
				PRODUCT_NAME = "$(TARGET_NAME)";
				SWIFT_EMIT_LOC_STRINGS = NO;
				SWIFT_VERSION = 5.0;
				TARGETED_DEVICE_FAMILY = "1,2";
				TEST_HOST = "$(BUILT_PRODUCTS_DIR)/ExercisingSolo.app/$(BUNDLE_EXECUTABLE_FOLDER_PATH)/ExercisingSolo";
			};
			name = Debug;
		};
		5BF1305F2E1EDA9D007BEB51 /* Release */ = {
			isa = XCBuildConfiguration;
			buildSettings = {
				BUNDLE_LOADER = "$(TEST_HOST)";
				CODE_SIGN_STYLE = Automatic;
				CURRENT_PROJECT_VERSION = 1;
				GENERATE_INFOPLIST_FILE = YES;
				IPHONEOS_DEPLOYMENT_TARGET = 18.5;
				MARKETING_VERSION = 1.0;
				PRODUCT_BUNDLE_IDENTIFIER = Christina.ExercisingSoloTests;
				PRODUCT_NAME = "$(TARGET_NAME)";
				SWIFT_EMIT_LOC_STRINGS = NO;
				SWIFT_VERSION = 5.0;
				TARGETED_DEVICE_FAMILY = "1,2";
				TEST_HOST = "$(BUILT_PRODUCTS_DIR)/ExercisingSolo.app/$(BUNDLE_EXECUTABLE_FOLDER_PATH)/ExercisingSolo";
			};
			name = Release;
		};
		5BF130612E1EDA9D007BEB51 /* Debug */ = {
			isa = XCBuildConfiguration;
			buildSettings = {
				CODE_SIGN_STYLE = Automatic;
				CURRENT_PROJECT_VERSION = 1;
				GENERATE_INFOPLIST_FILE = YES;
				MARKETING_VERSION = 1.0;
				PRODUCT_BUNDLE_IDENTIFIER = Christina.ExercisingSoloUITests;
				PRODUCT_NAME = "$(TARGET_NAME)";
				SWIFT_EMIT_LOC_STRINGS = NO;
				SWIFT_VERSION = 5.0;
				TARGETED_DEVICE_FAMILY = "1,2";
				TEST_TARGET_NAME = ExercisingSolo;
			};
			name = Debug;
		};
		5BF130622E1EDA9D007BEB51 /* Release */ = {
			isa = XCBuildConfiguration;
			buildSettings = {
				CODE_SIGN_STYLE = Automatic;
				CURRENT_PROJECT_VERSION = 1;
				GENERATE_INFOPLIST_FILE = YES;
				MARKETING_VERSION = 1.0;
				PRODUCT_BUNDLE_IDENTIFIER = Christina.ExercisingSoloUITests;
				PRODUCT_NAME = "$(TARGET_NAME)";
				SWIFT_EMIT_LOC_STRINGS = NO;
				SWIFT_VERSION = 5.0;
				TARGETED_DEVICE_FAMILY = "1,2";
				TEST_TARGET_NAME = ExercisingSolo;
			};
			name = Release;
		};
/* End XCBuildConfiguration section */

/* Begin XCConfigurationList section */
		5BF130342E1EDA9C007BEB51 /* Build configuration list for PBXProject "ExercisingSolo" */ = {
			isa = XCConfigurationList;
			buildConfigurations = (
				5BF130582E1EDA9D007BEB51 /* Debug */,
				5BF130592E1EDA9D007BEB51 /* Release */,
			);
			defaultConfigurationIsVisible = 0;
			defaultConfigurationName = Release;
		};
		5BF1305A2E1EDA9D007BEB51 /* Build configuration list for PBXNativeTarget "ExercisingSolo" */ = {
			isa = XCConfigurationList;
			buildConfigurations = (
				5BF1305B2E1EDA9D007BEB51 /* Debug */,
				5BF1305C2E1EDA9D007BEB51 /* Release */,
			);
			defaultConfigurationIsVisible = 0;
			defaultConfigurationName = Release;
		};
		5BF1305D2E1EDA9D007BEB51 /* Build configuration list for PBXNativeTarget "ExercisingSoloTests" */ = {
			isa = XCConfigurationList;
			buildConfigurations = (
				5BF1305E2E1EDA9D007BEB51 /* Debug */,
				5BF1305F2E1EDA9D007BEB51 /* Release */,
			);
			defaultConfigurationIsVisible = 0;
			defaultConfigurationName = Release;
		};
		5BF130602E1EDA9D007BEB51 /* Build configuration list for PBXNativeTarget "ExercisingSoloUITests" */ = {
			isa = XCConfigurationList;
			buildConfigurations = (
				5BF130612E1EDA9D007BEB51 /* Debug */,
				5BF130622E1EDA9D007BEB51 /* Release */,
			);
			defaultConfigurationIsVisible = 0;
			defaultConfigurationName = Release;
		};
/* End XCConfigurationList section */
	};
	rootObject = 5BF130312E1EDA9C007BEB51 /* Project object */;
}
